
Microsoft Visual Studio Solution File, Format Version 12.00
# Visual Studio 2013
VisualStudioVersion = 12.0.21005.1
MinimumVisualStudioVersion = 10.0.40219.1
Project("{FAE04EC0-301F-11D3-BF4B-00C04F79EFBC}") = "NWindView", "NWindView\NWindView.csproj", "{9833BA9D-1A52-448A-AFE9-AB49F37D39B1}"
EndProject
Project("{FAE04EC0-301F-11D3-BF4B-00C04F79EFBC}") = "NWindViewModel", "NWindViewModel\NWindViewModel.csproj", "{4FD3E482-A1A6-43B8-A47C-B88185218F3A}"
EndProject
Project("{FAE04EC0-301F-11D3-BF4B-00C04F79EFBC}") = "NWindModel", "NWindModel\NWindModel.csproj", "{0C5AFE13-53CF-4A74-B763-F893322C5550}"
EndProject
Global
	GlobalSection(SolutionConfigurationPlatforms) = preSolution
		Debug|Any CPU = Debug|Any CPU
		Release|Any CPU = Release|Any CPU
	EndGlobalSection
	GlobalSection(ProjectConfigurationPlatforms) = postSolution
		{9833BA9D-1A52-448A-AFE9-AB49F37D39B1}.Debug|Any CPU.ActiveCfg = Debug|Any CPU
		{9833BA9D-1A52-448A-AFE9-AB49F37D39B1}.Debug|Any CPU.Build.0 = Debug|Any CPU
		{9833BA9D-1A52-448A-AFE9-AB49F37D39B1}.Release|Any CPU.ActiveCfg = Release|Any CPU
		{9833BA9D-1A52-448A-AFE9-AB49F37D39B1}.Release|Any CPU.Build.0 = Release|Any CPU
		{4FD3E482-A1A6-43B8-A47C-B88185218F3A}.Debug|Any CPU.ActiveCfg = Debug|Any CPU
		{4FD3E482-A1A6-43B8-A47C-B88185218F3A}.Debug|Any CPU.Build.0 = Debug|Any CPU
		{4FD3E482-A1A6-43B8-A47C-B88185218F3A}.Release|Any CPU.ActiveCfg = Release|Any CPU
		{4FD3E482-A1A6-43B8-A47C-B88185218F3A}.Release|Any CPU.Build.0 = Release|Any CPU
		{0C5AFE13-53CF-4A74-B763-F893322C5550}.Debug|Any CPU.ActiveCfg = Debug|Any CPU
		{0C5AFE13-53CF-4A74-B763-F893322C5550}.Debug|Any CPU.Build.0 = Debug|Any CPU
		{0C5AFE13-53CF-4A74-B763-F893322C5550}.Release|Any CPU.ActiveCfg = Release|Any CPU
		{0C5AFE13-53CF-4A74-B763-F893322C5550}.Release|Any CPU.Build.0 = Release|Any CPU
	EndGlobalSection
	GlobalSection(SolutionProperties) = preSolution
		HideSolutionNode = FALSE
	EndGlobalSection
EndGlobal
